
Microsoft Visual Studio Solution File, Format Version 12.00
# Visual Studio 15
VisualStudioVersion = 15.0.28307.421
MinimumVisualStudioVersion = 10.0.40219.1
Project("{FAE04EC0-301F-11D3-BF4B-00C04F79EFBC}") = "PetrConsoleProject", "PetrConsoleProject\PetrConsoleProject.csproj", "{7DF67DF5-4BDC-4019-8E06-9F66330D1271}"
EndProject
Global
	GlobalSection(SolutionConfigurationPlatforms) = preSolution
		Debug|Any CPU = Debug|Any CPU
		Release|Any CPU = Release|Any CPU
	EndGlobalSection
	GlobalSection(ProjectConfigurationPlatforms) = postSolution
		{7DF67DF5-4BDC-4019-8E06-9F66330D1271}.Debug|Any CPU.ActiveCfg = Debug|Any CPU
		{7DF67DF5-4BDC-4019-8E06-9F66330D1271}.Debug|Any CPU.Build.0 = Debug|Any CPU
		{7DF67DF5-4BDC-4019-8E06-9F66330D1271}.Release|Any CPU.ActiveCfg = Release|Any CPU
		{7DF67DF5-4BDC-4019-8E06-9F66330D1271}.Release|Any CPU.Build.0 = Release|Any CPU
	EndGlobalSection
	GlobalSection(SolutionProperties) = preSolution
		HideSolutionNode = FALSE
	EndGlobalSection
	GlobalSection(ExtensibilityGlobals) = postSolution
		SolutionGuid = {E16D312B-7B6D-4C44-954E-984977F440A1}
	EndGlobalSection
EndGlobal
